github.com/itsabgr/atomic2 v0.0.0-20210817205133-e2171f145192 h1:o0dGTAotuX91yDJvdmlhvdZcrrIyaptpWgNXMKZ1ys0=
github.com/itsabgr/atomic2 v0.0.0-20210817205133-e2171f145192/go.mod h1:A9SJqNgBSTV3EAoMd0d/o3QPjFRakbz6FQwZSTYeb14=
github.com/itsabgr/go-handy v0.0.0-20210816165329-4cd57d210275 h1:Kp4KJMvKoBHXSSDLnvrKhmTSqWryOc/GzL5lKxSL8pE=
github.com/itsabgr/go-handy v0.0.0-20210816165329-4cd57d210275/go.mod h1:/B0ggMYLkMBR70PwLieFK2aKpNdkyhMBCHuhz0FvY04=
